
Microsoft Visual Studio Solution File, Format Version 12.00
# Visual Studio Version 16
VisualStudioVersion = 16.0.33801.447
MinimumVisualStudioVersion = 10.0.40219.1
Project("{FAE04EC0-301F-11D3-BF4B-00C04F79EFBC}") = "ReadandWrite", "ReadandWrite\ReadandWrite.csproj", "{4AA9D9EE-C82F-4FBC-BB3C-EA6461DEB835}"
EndProject
Global
	GlobalSection(SolutionConfigurationPlatforms) = preSolution
		Debug|Any CPU = Debug|Any CPU
		Release|Any CPU = Release|Any CPU
	EndGlobalSection
	GlobalSection(ProjectConfigurationPlatforms) = postSolution
		{4AA9D9EE-C82F-4FBC-BB3C-EA6461DEB835}.Debug|Any CPU.ActiveCfg = Debug|Any CPU
		{4AA9D9EE-C82F-4FBC-BB3C-EA6461DEB835}.Debug|Any CPU.Build.0 = Debug|Any CPU
		{4AA9D9EE-C82F-4FBC-BB3C-EA6461DEB835}.Release|Any CPU.ActiveCfg = Release|Any CPU
		{4AA9D9EE-C82F-4FBC-BB3C-EA6461DEB835}.Release|Any CPU.Build.0 = Release|Any CPU
	EndGlobalSection
	GlobalSection(SolutionProperties) = preSolution
		HideSolutionNode = FALSE
	EndGlobalSection
	GlobalSection(ExtensibilityGlobals) = postSolution
		SolutionGuid = {2DD183BE-4716-4097-8FCA-47687F7FD8D1}
	EndGlobalSection
EndGlobal
